PODS:
  - Alter (1.2.8)
  - Nimble (9.2.0)
  - Quick (4.0.0)

DEPENDENCIES:
  - Alter (from `../`)
  - Nimble (~> 9.2.0)
  - Quick (~> 4.0.0)

SPEC REPOS:
  trunk:
    - Nimble
    - Quick

EXTERNAL SOURCES:
  Alter:
    :path: "../"

SPEC CHECKSUMS:
  Alter: 8e679daa104acb9879e1c6214406d3f015dbd358
  Nimble: 4f4a345c80b503b3ea13606a4f98405974ee4d0b
  Quick: 6473349e43b9271a8d43839d9ba1c442ed1b7ac4

PODFILE CHECKSUM: b2796f6f90459ce344ff3b7705e34fe18c71823c

COCOAPODS: 1.10.1
